
Microsoft Visual Studio Solution File, Format Version 12.00
# Visual Studio Version 17
VisualStudioVersion = 17.13.35825.156
MinimumVisualStudioVersion = 10.0.40219.1
Project("{FAE04EC0-301F-11D3-BF4B-00C04F79EFBC}") = "simple", "simple\simple.csproj", "{16D86A75-934C-AED1-1EC2-7C3524A14B18}"
EndProject
Project("{FAE04EC0-301F-11D3-BF4B-00C04F79EFBC}") = "di_sample", "di_sample\di_sample.csproj", "{C8182B6A-7BF0-7C53-4C49-9A922A7F0FEB}"
EndProject
Global
	GlobalSection(SolutionConfigurationPlatforms) = preSolution
		Debug|Any CPU = Debug|Any CPU
		Release|Any CPU = Release|Any CPU
	EndGlobalSection
	GlobalSection(ProjectConfigurationPlatforms) = postSolution
		{16D86A75-934C-AED1-1EC2-7C3524A14B18}.Debug|Any CPU.ActiveCfg = Debug|Any CPU
		{16D86A75-934C-AED1-1EC2-7C3524A14B18}.Debug|Any CPU.Build.0 = Debug|Any CPU
		{16D86A75-934C-AED1-1EC2-7C3524A14B18}.Release|Any CPU.ActiveCfg = Release|Any CPU
		{16D86A75-934C-AED1-1EC2-7C3524A14B18}.Release|Any CPU.Build.0 = Release|Any CPU
		{C8182B6A-7BF0-7C53-4C49-9A922A7F0FEB}.Debug|Any CPU.ActiveCfg = Debug|Any CPU
		{C8182B6A-7BF0-7C53-4C49-9A922A7F0FEB}.Debug|Any CPU.Build.0 = Debug|Any CPU
		{C8182B6A-7BF0-7C53-4C49-9A922A7F0FEB}.Release|Any CPU.ActiveCfg = Release|Any CPU
		{C8182B6A-7BF0-7C53-4C49-9A922A7F0FEB}.Release|Any CPU.Build.0 = Release|Any CPU
	EndGlobalSection
	GlobalSection(SolutionProperties) = preSolution
		HideSolutionNode = FALSE
	EndGlobalSection
	GlobalSection(ExtensibilityGlobals) = postSolution
		SolutionGuid = {7A1BA6D7-E92C-4CE9-B0ED-CCEE8192966A}
	EndGlobalSection
EndGlobal
